{
  "lockfileVersion": 1,
  "configVersion": 0,
  "workspaces": {
    "": {
      "name": "autoreply-bot",
      "dependencies": {
        "@whiskeysockets/baileys": "v7.0.0-rc.9",
        "axios": "^1.7.7",
        "form-data": "^4.0.1",
        "pino": "^9.0.0",
        "qrcode-terminal": "^0.12.0",
      },
      "devDependencies": {
        "nodemon": "^3.1.0",
      },
    },
  },
  "packages": {
    "@borewit/text-codec": ["@borewit/text-codec@0.2.2", "https://europe-west1-npm.pkg.dev/lovable-core-prod/sandbox-npm-cache/@borewit/text-codec/-/text-codec-0.2.2.tgz", {}, ""],

    "@cacheable/memory": ["@cacheable/memory@2.2.0", "https://europe-west1-npm.pkg.dev/lovable-core-prod/sandbox-npm-cache/@cacheable/memory/-/memory-2.2.0.tgz", { "dependencies": { "@cacheable/utils": "^2.5.0", "@keyv/bigmap": "^1.3.1", "hookified": "^1.15.1", "keyv": "^5.6.0" } }, ""],

    "@cacheable/node-cache": ["@cacheable/node-cache@1.7.6", "https://europe-west1-npm.pkg.dev/lovable-core-prod/sandbox-npm-cache/@cacheable/node-cache/-/node-cache-1.7.6.tgz", { "dependencies": { "cacheable": "^2.3.1", "hookified": "^1.14.0", "keyv": "^5.5.5" } }, ""],

    "@cacheable/utils": ["@cacheable/utils@2.5.0", "https://europe-west1-npm.pkg.dev/lovable-core-prod/sandbox-npm-cache/@cacheable/utils/-/utils-2.5.0.tgz", { "dependencies": { "hashery": "^1.5.1", "keyv": "^5.6.0" } }, ""],

    "@hapi/boom": ["@hapi/boom@9.1.4", "https://europe-west1-npm.pkg.dev/lovable-core-prod/sandbox-npm-cache/@hapi/boom/-/boom-9.1.4.tgz", { "dependencies": { "@hapi/hoek": "9.x.x" } }, ""],

    "@hapi/hoek": ["@hapi/hoek@9.3.0", "https://europe-west1-npm.pkg.dev/lovable-core-prod/sandbox-npm-cache/@hapi/hoek/-/hoek-9.3.0.tgz", {}, ""],

    "@img/colour": ["@img/colour@1.1.0", "https://europe-west1-npm.pkg.dev/lovable-core-prod/sandbox-npm-cache/@img/colour/-/colour-1.1.0.tgz", {}, ""],

    "@img/sharp-libvips-linux-x64": ["@img/sharp-libvips-linux-x64@1.3.2", "https://europe-west1-npm.pkg.dev/lovable-core-prod/sandbox-npm-cache/@img/sharp-libvips-linux-x64/-/sharp-libvips-linux-x64-1.3.2.tgz", { "os": "linux", "cpu": "x64" }, ""],

    "@img/sharp-libvips-linuxmusl-x64": ["@img/sharp-libvips-linuxmusl-x64@1.3.2", "https://europe-west1-npm.pkg.dev/lovable-core-prod/sandbox-npm-cache/@img/sharp-libvips-linuxmusl-x64/-/sharp-libvips-linuxmusl-x64-1.3.2.tgz", { "os": "linux", "cpu": "x64" }, ""],

    "@img/sharp-linux-x64": ["@img/sharp-linux-x64@0.35.3", "https://europe-west1-npm.pkg.dev/lovable-core-prod/sandbox-npm-cache/@img/sharp-linux-x64/-/sharp-linux-x64-0.35.3.tgz", { "optionalDependencies": { "@img/sharp-libvips-linux-x64": "1.3.2" }, "os": "linux", "cpu": "x64" }, ""],

    "@img/sharp-linuxmusl-x64": ["@img/sharp-linuxmusl-x64@0.35.3", "https://europe-west1-npm.pkg.dev/lovable-core-prod/sandbox-npm-cache/@img/sharp-linuxmusl-x64/-/sharp-linuxmusl-x64-0.35.3.tgz", { "optionalDependencies": { "@img/sharp-libvips-linuxmusl-x64": "1.3.2" }, "os": "linux", "cpu": "x64" }, ""],

    "@keyv/bigmap": ["@keyv/bigmap@1.3.1", "https://europe-west1-npm.pkg.dev/lovable-core-prod/sandbox-npm-cache/@keyv/bigmap/-/bigmap-1.3.1.tgz", { "dependencies": { "hashery": "^1.4.0", "hookified": "^1.15.0" }, "peerDependencies": { "keyv": "^5.6.0" } }, ""],

    "@keyv/serialize": ["@keyv/serialize@1.1.1", "https://europe-west1-npm.pkg.dev/lovable-core-prod/sandbox-npm-cache/@keyv/serialize/-/serialize-1.1.1.tgz", {}, ""],

    "@pinojs/redact": ["@pinojs/redact@0.4.0", "https://europe-west1-npm.pkg.dev/lovable-core-prod/sandbox-npm-cache/@pinojs/redact/-/redact-0.4.0.tgz", {}, ""],

    "@protobufjs/aspromise": ["@protobufjs/aspromise@1.1.2", "https://europe-west1-npm.pkg.dev/lovable-core-prod/sandbox-npm-cache/@protobufjs/aspromise/-/aspromise-1.1.2.tgz", {}, ""],

    "@protobufjs/base64": ["@protobufjs/base64@1.1.2", "https://europe-west1-npm.pkg.dev/lovable-core-prod/sandbox-npm-cache/@protobufjs/base64/-/base64-1.1.2.tgz", {}, ""],

    "@protobufjs/codegen": ["@protobufjs/codegen@2.0.5", "https://europe-west1-npm.pkg.dev/lovable-core-prod/sandbox-npm-cache/@protobufjs/codegen/-/codegen-2.0.5.tgz", {}, ""],

    "@protobufjs/eventemitter": ["@protobufjs/eventemitter@1.1.1", "https://europe-west1-npm.pkg.dev/lovable-core-prod/sandbox-npm-cache/@protobufjs/eventemitter/-/eventemitter-1.1.1.tgz", {}, ""],

    "@protobufjs/fetch": ["@protobufjs/fetch@1.1.1", "https://europe-west1-npm.pkg.dev/lovable-core-prod/sandbox-npm-cache/@protobufjs/fetch/-/fetch-1.1.1.tgz", { "dependencies": { "@protobufjs/aspromise": "^1.1.1" } }, ""],

    "@protobufjs/float": ["@protobufjs/float@1.0.2", "https://europe-west1-npm.pkg.dev/lovable-core-prod/sandbox-npm-cache/@protobufjs/float/-/float-1.0.2.tgz", {}, ""],

    "@protobufjs/path": ["@protobufjs/path@1.1.2", "https://europe-west1-npm.pkg.dev/lovable-core-prod/sandbox-npm-cache/@protobufjs/path/-/path-1.1.2.tgz", {}, ""],

    "@protobufjs/pool": ["@protobufjs/pool@1.1.0", "https://europe-west1-npm.pkg.dev/lovable-core-prod/sandbox-npm-cache/@protobufjs/pool/-/pool-1.1.0.tgz", {}, ""],

    "@protobufjs/utf8": ["@protobufjs/utf8@1.1.2", "https://europe-west1-npm.pkg.dev/lovable-core-prod/sandbox-npm-cache/@protobufjs/utf8/-/utf8-1.1.2.tgz", {}, ""],

    "@tokenizer/inflate": ["@tokenizer/inflate@0.4.1", "https://europe-west1-npm.pkg.dev/lovable-core-prod/sandbox-npm-cache/@tokenizer/inflate/-/inflate-0.4.1.tgz", { "dependencies": { "debug": "^4.4.3", "token-types": "^6.1.1" } }, ""],

    "@tokenizer/token": ["@tokenizer/token@0.3.0", "https://europe-west1-npm.pkg.dev/lovable-core-prod/sandbox-npm-cache/@tokenizer/token/-/token-0.3.0.tgz", {}, ""],

    "@types/node": ["@types/node@26.1.1", "https://europe-west1-npm.pkg.dev/lovable-core-prod/sandbox-npm-cache/@types/node/-/node-26.1.1.tgz", { "dependencies": { "undici-types": "~8.3.0" } }, ""],

    "@whiskeysockets/baileys": ["@whiskeysockets/baileys@7.0.0-rc.9", "https://europe-west1-npm.pkg.dev/lovable-core-prod/sandbox-npm-cache/@whiskeysockets/baileys/-/baileys-7.0.0-rc.9.tgz", { "dependencies": { "@cacheable/node-cache": "^1.4.0", "@hapi/boom": "^9.1.3", "async-mutex": "^0.5.0", "libsignal": "git+https://github.com/whiskeysockets/libsignal-node", "lru-cache": "^11.1.0", "music-metadata": "^11.7.0", "p-queue": "^9.0.0", "pino": "^9.6", "protobufjs": "^7.2.4", "ws": "^8.13.0" }, "peerDependencies": { "audio-decode": "^2.1.3", "jimp": "^1.6.0", "link-preview-js": "^3.0.0", "sharp": "*" }, "optionalPeers": ["audio-decode", "jimp", "link-preview-js"] }, ""],

    "agent-base": ["agent-base@6.0.2", "https://europe-west4-npm.pkg.dev/lovable-core-prod/sandbox-npm-cache/agent-base/-/agent-base-6.0.2.tgz", { "dependencies": { "debug": "4" } }, "sha512-RZNwNclF7+MS/8bDg70amg32dyeZGZxiDuQmZxKLAlQjr3jGyLx+4Kkk58UO7D2QdgFIQCovuSuZESne6RG6XQ=="],

    "anymatch": ["anymatch@3.1.3", "https://europe-west1-npm.pkg.dev/lovable-core-prod/sandbox-npm-cache/anymatch/-/anymatch-3.1.3.tgz", { "dependencies": { "normalize-path": "^3.0.0", "picomatch": "^2.0.4" } }, ""],

    "async-mutex": ["async-mutex@0.5.0", "https://europe-west1-npm.pkg.dev/lovable-core-prod/sandbox-npm-cache/async-mutex/-/async-mutex-0.5.0.tgz", { "dependencies": { "tslib": "^2.4.0" } }, ""],

    "asynckit": ["asynckit@0.4.0", "https://europe-west4-npm.pkg.dev/lovable-core-prod/sandbox-npm-cache/asynckit/-/asynckit-0.4.0.tgz", {}, "sha512-Oei9OH4tRh0YqU3GxhX79dM/mwVgvbZJaSNaRk+bshkj0S5cfHcgYakreBjrHwatXKbz+IoIdYLxrKim2MjW0Q=="],

    "atomic-sleep": ["atomic-sleep@1.0.0", "https://europe-west1-npm.pkg.dev/lovable-core-prod/sandbox-npm-cache/atomic-sleep/-/atomic-sleep-1.0.0.tgz", {}, ""],

    "axios": ["axios@1.18.1", "https://europe-west4-npm.pkg.dev/lovable-core-prod/sandbox-npm-cache/axios/-/axios-1.18.1.tgz", { "dependencies": { "follow-redirects": "^1.16.0", "form-data": "^4.0.5", "https-proxy-agent": "^5.0.1", "proxy-from-env": "^2.1.0" } }, "sha512-3nTvFlvpn9Zu/RkHUqtc7/+al4UpRW5az71ap5zccp6e8RAYEzhMTecX8Dz1wWDYrPpUoB1HAQEGEAEvUr7S9g=="],

    "balanced-match": ["balanced-match@4.0.4", "https://europe-west1-npm.pkg.dev/lovable-core-prod/sandbox-npm-cache/balanced-match/-/balanced-match-4.0.4.tgz", {}, ""],

    "binary-extensions": ["binary-extensions@2.3.0", "https://europe-west1-npm.pkg.dev/lovable-core-prod/sandbox-npm-cache/binary-extensions/-/binary-extensions-2.3.0.tgz", {}, ""],

    "brace-expansion": ["brace-expansion@5.0.7", "https://europe-west1-npm.pkg.dev/lovable-core-prod/sandbox-npm-cache/brace-expansion/-/brace-expansion-5.0.7.tgz", { "dependencies": { "balanced-match": "^4.0.2" } }, ""],

    "braces": ["braces@3.0.3", "https://europe-west1-npm.pkg.dev/lovable-core-prod/sandbox-npm-cache/braces/-/braces-3.0.3.tgz", { "dependencies": { "fill-range": "^7.1.1" } }, ""],

    "cacheable": ["cacheable@2.5.0", "https://europe-west1-npm.pkg.dev/lovable-core-prod/sandbox-npm-cache/cacheable/-/cacheable-2.5.0.tgz", { "dependencies": { "@cacheable/memory": "^2.2.0", "@cacheable/utils": "^2.5.0", "hookified": "^1.15.0", "keyv": "^5.6.0", "qified": "^0.10.1" } }, ""],

    "call-bind-apply-helpers": ["call-bind-apply-helpers@1.0.2", "https://europe-west4-npm.pkg.dev/lovable-core-prod/sandbox-npm-cache/call-bind-apply-helpers/-/call-bind-apply-helpers-1.0.2.tgz", { "dependencies": { "es-errors": "^1.3.0", "function-bind": "^1.1.2" } }, "sha512-Sp1ablJ0ivDkSzjcaJdxEunN5/XvksFJ2sMBFfq6x0ryhQV/2b/KwFe21cMpmHtPOSij8K99/wSfoEuTObmuMQ=="],

    "chokidar": ["chokidar@3.6.0", "https://europe-west1-npm.pkg.dev/lovable-core-prod/sandbox-npm-cache/chokidar/-/chokidar-3.6.0.tgz", { "dependencies": { "anymatch": "~3.1.2", "braces": "~3.0.2", "glob-parent": "~5.1.2", "is-binary-path": "~2.1.0", "is-glob": "~4.0.1", "normalize-path": "~3.0.0", "readdirp": "~3.6.0" } }, ""],

    "combined-stream": ["combined-stream@1.0.8", "https://europe-west4-npm.pkg.dev/lovable-core-prod/sandbox-npm-cache/combined-stream/-/combined-stream-1.0.8.tgz", { "dependencies": { "delayed-stream": "~1.0.0" } }, "sha512-FQN4MRfuJeHf7cBbBMJFXhKSDq+2kAArBlmRBvcvFE5BB1HZKXtSFASDhdlz9zOYwxh8lDdnvmMOe/+5cdoEdg=="],

    "content-type": ["content-type@2.0.0", "https://europe-west1-npm.pkg.dev/lovable-core-prod/sandbox-npm-cache/content-type/-/content-type-2.0.0.tgz", {}, ""],

    "curve25519-js": ["curve25519-js@0.0.4", "https://europe-west1-npm.pkg.dev/lovable-core-prod/sandbox-npm-cache/curve25519-js/-/curve25519-js-0.0.4.tgz", {}, ""],

    "debug": ["debug@4.4.3", "https://europe-west1-npm.pkg.dev/lovable-core-prod/sandbox-npm-cache/debug/-/debug-4.4.3.tgz", { "dependencies": { "ms": "^2.1.3" } }, ""],

    "delayed-stream": ["delayed-stream@1.0.0", "https://europe-west4-npm.pkg.dev/lovable-core-prod/sandbox-npm-cache/delayed-stream/-/delayed-stream-1.0.0.tgz", {}, "sha512-ZySD7Nf91aLB0RxL4KGrKHBXl7Eds1DAmEdcoVawXnLD7SDhpNgtuII2aAkg7a7QS41jxPSZ17p4VdGnMHk3MQ=="],

    "detect-libc": ["detect-libc@2.1.2", "https://europe-west1-npm.pkg.dev/lovable-core-prod/sandbox-npm-cache/detect-libc/-/detect-libc-2.1.2.tgz", {}, ""],

    "dunder-proto": ["dunder-proto@1.0.1", "https://europe-west4-npm.pkg.dev/lovable-core-prod/sandbox-npm-cache/dunder-proto/-/dunder-proto-1.0.1.tgz", { "dependencies": { "call-bind-apply-helpers": "^1.0.1", "es-errors": "^1.3.0", "gopd": "^1.2.0" } }, "sha512-KIN/nDJBQRcXw0MLVhZE9iQHmG68qAVIBg9CqmUYjmQIhgij9U5MFvrqkUL5FbtyyzZuOeOt0zdeRe4UY7ct+A=="],

    "es-define-property": ["es-define-property@1.0.1", "https://europe-west4-npm.pkg.dev/lovable-core-prod/sandbox-npm-cache/es-define-property/-/es-define-property-1.0.1.tgz", {}, "sha512-e3nRfgfUZ4rNGL232gUgX06QNyyez04KdjFrF+LTRoOXmrOgFKDg4BCdsjW8EnT69eqdYGmRpJwiPVYNrCaW3g=="],

    "es-errors": ["es-errors@1.3.0", "https://europe-west4-npm.pkg.dev/lovable-core-prod/sandbox-npm-cache/es-errors/-/es-errors-1.3.0.tgz", {}, "sha512-Zf5H2Kxt2xjTvbJvP2ZWLEICxA6j+hAmMzIlypy4xcBg1vKVnx89Wy0GbS+kf5cwCVFFzdCFh2XSCFNULS6csw=="],

    "es-object-atoms": ["es-object-atoms@1.1.2", "https://europe-west4-npm.pkg.dev/lovable-core-prod/sandbox-npm-cache/es-object-atoms/-/es-object-atoms-1.1.2.tgz", { "dependencies": { "es-errors": "^1.3.0" } }, "sha512-HWcBoN6NileqtSydK2FqHbS/LoDd2pqrnQHLyJzBj4kOp/ky2MWMN694xOfkK8/SnUsW2DH7EfyVlydKCsm1Zw=="],

    "es-set-tostringtag": ["es-set-tostringtag@2.1.0", "https://europe-west4-npm.pkg.dev/lovable-core-prod/sandbox-npm-cache/es-set-tostringtag/-/es-set-tostringtag-2.1.0.tgz", { "dependencies": { "es-errors": "^1.3.0", "get-intrinsic": "^1.2.6", "has-tostringtag": "^1.0.2", "hasown": "^2.0.2" } }, "sha512-j6vWzfrGVfyXxge+O0x5sh6cvxAog0a/4Rdd2K36zCMV5eJ+/+tOAngRO8cODMNWbVRdVlmGZQL2YS3yR8bIUA=="],

    "eventemitter3": ["eventemitter3@5.0.4", "https://europe-west1-npm.pkg.dev/lovable-core-prod/sandbox-npm-cache/eventemitter3/-/eventemitter3-5.0.4.tgz", {}, ""],

    "file-type": ["file-type@21.3.4", "https://europe-west1-npm.pkg.dev/lovable-core-prod/sandbox-npm-cache/file-type/-/file-type-21.3.4.tgz", { "dependencies": { "@tokenizer/inflate": "^0.4.1", "strtok3": "^10.3.4", "token-types": "^6.1.1", "uint8array-extras": "^1.4.0" } }, ""],

    "fill-range": ["fill-range@7.1.1", "https://europe-west1-npm.pkg.dev/lovable-core-prod/sandbox-npm-cache/fill-range/-/fill-range-7.1.1.tgz", { "dependencies": { "to-regex-range": "^5.0.1" } }, ""],

    "follow-redirects": ["follow-redirects@1.16.0", "https://europe-west4-npm.pkg.dev/lovable-core-prod/sandbox-npm-cache/follow-redirects/-/follow-redirects-1.16.0.tgz", {}, "sha512-y5rN/uOsadFT/JfYwhxRS5R7Qce+g3zG97+JrtFZlC9klX/W5hD7iiLzScI4nZqUS7DNUdhPgw4xI8W2LuXlUw=="],

    "form-data": ["form-data@4.0.6", "https://europe-west4-npm.pkg.dev/lovable-core-prod/sandbox-npm-cache/form-data/-/form-data-4.0.6.tgz", { "dependencies": { "asynckit": "^0.4.0", "combined-stream": "^1.0.8", "es-set-tostringtag": "^2.1.0", "hasown": "^2.0.4", "mime-types": "^2.1.35" } }, "sha512-vKatAh4SlVfgbv+YtmhiRjhEMJsYpsG1Y2rMQtR+SVSbytsSD1YGzDIcrAJmdFec88u/+VoGmxnl+80gL1tRCQ=="],

    "function-bind": ["function-bind@1.1.2", "https://europe-west4-npm.pkg.dev/lovable-core-prod/sandbox-npm-cache/function-bind/-/function-bind-1.1.2.tgz", {}, "sha512-7XHNxH7qX9xG5mIwxkhumTox/MIRNcOgDrxWsMt2pAr23WHp6MrRlN7FBSFpCpr+oVO0F744iUgR82nJMfG2SA=="],

    "get-intrinsic": ["get-intrinsic@1.3.0", "https://europe-west4-npm.pkg.dev/lovable-core-prod/sandbox-npm-cache/get-intrinsic/-/get-intrinsic-1.3.0.tgz", { "dependencies": { "call-bind-apply-helpers": "^1.0.2", "es-define-property": "^1.0.1", "es-errors": "^1.3.0", "es-object-atoms": "^1.1.1", "function-bind": "^1.1.2", "get-proto": "^1.0.1", "gopd": "^1.2.0", "has-symbols": "^1.1.0", "hasown": "^2.0.2", "math-intrinsics": "^1.1.0" } }, "sha512-9fSjSaos/fRIVIp+xSJlE6lfwhES7LNtKaCBIamHsjr2na1BiABJPo0mOjjz8GJDURarmCPGqaiVg5mfjb98CQ=="],

    "get-proto": ["get-proto@1.0.1", "https://europe-west4-npm.pkg.dev/lovable-core-prod/sandbox-npm-cache/get-proto/-/get-proto-1.0.1.tgz", { "dependencies": { "dunder-proto": "^1.0.1", "es-object-atoms": "^1.0.0" } }, "sha512-sTSfBjoXBp89JvIKIefqw7U2CCebsc74kiY6awiGogKtoSGbgjYE/G/+l9sF3MWFPNc9IcoOC4ODfKHfxFmp0g=="],

    "glob-parent": ["glob-parent@5.1.2", "https://europe-west1-npm.pkg.dev/lovable-core-prod/sandbox-npm-cache/glob-parent/-/glob-parent-5.1.2.tgz", { "dependencies": { "is-glob": "^4.0.1" } }, ""],

    "gopd": ["gopd@1.2.0", "https://europe-west4-npm.pkg.dev/lovable-core-prod/sandbox-npm-cache/gopd/-/gopd-1.2.0.tgz", {}, "sha512-ZUKRh6/kUFoAiTAtTYPZJ3hw9wNxx+BIBOijnlG9PnrJsCcSjs1wyyD6vJpaYtgnzDrKYRSqf3OO6Rfa93xsRg=="],

    "has-flag": ["has-flag@3.0.0", "https://europe-west1-npm.pkg.dev/lovable-core-prod/sandbox-npm-cache/has-flag/-/has-flag-3.0.0.tgz", {}, ""],

    "has-symbols": ["has-symbols@1.1.0", "https://europe-west4-npm.pkg.dev/lovable-core-prod/sandbox-npm-cache/has-symbols/-/has-symbols-1.1.0.tgz", {}, "sha512-1cDNdwJ2Jaohmb3sg4OmKaMBwuC48sYni5HUw2DvsC8LjGTLK9h+eb1X6RyuOHe4hT0ULCW68iomhjUoKUqlPQ=="],

    "has-tostringtag": ["has-tostringtag@1.0.2", "https://europe-west4-npm.pkg.dev/lovable-core-prod/sandbox-npm-cache/has-tostringtag/-/has-tostringtag-1.0.2.tgz", { "dependencies": { "has-symbols": "^1.0.3" } }, "sha512-NqADB8VjPFLM2V0VvHUewwwsw0ZWBaIdgo+ieHtK3hasLz4qeCRjYcqfB6AQrBggRKppKF8L52/VqdVsO47Dlw=="],

    "hashery": ["hashery@1.5.1", "https://europe-west1-npm.pkg.dev/lovable-core-prod/sandbox-npm-cache/hashery/-/hashery-1.5.1.tgz", { "dependencies": { "hookified": "^1.15.0" } }, ""],

    "hasown": ["hasown@2.0.4", "https://europe-west4-npm.pkg.dev/lovable-core-prod/sandbox-npm-cache/hasown/-/hasown-2.0.4.tgz", { "dependencies": { "function-bind": "^1.1.2" } }, "sha512-T2UbfbBEF32wiepXIsMlTW9+dDYC6wMh/t/vYA4tuOMKqWz/n3vr1NFSxQiyP+zk2mXsoMA/i/7qV6LKut1t1A=="],

    "hookified": ["hookified@1.15.1", "https://europe-west1-npm.pkg.dev/lovable-core-prod/sandbox-npm-cache/hookified/-/hookified-1.15.1.tgz", {}, ""],

    "https-proxy-agent": ["https-proxy-agent@5.0.1", "https://europe-west4-npm.pkg.dev/lovable-core-prod/sandbox-npm-cache/https-proxy-agent/-/https-proxy-agent-5.0.1.tgz", { "dependencies": { "agent-base": "6", "debug": "4" } }, "sha512-dFcAjpTQFgoLMzC2VwU+C/CbS7uRL0lWmxDITmqm7C+7F0Odmj6s9l6alZc6AELXhrnggM2CeWSXHGOdX2YtwA=="],

    "ieee754": ["ieee754@1.2.1", "https://europe-west1-npm.pkg.dev/lovable-core-prod/sandbox-npm-cache/ieee754/-/ieee754-1.2.1.tgz", {}, ""],

    "ignore-by-default": ["ignore-by-default@1.0.1", "https://europe-west1-npm.pkg.dev/lovable-core-prod/sandbox-npm-cache/ignore-by-default/-/ignore-by-default-1.0.1.tgz", {}, ""],

    "is-binary-path": ["is-binary-path@2.1.0", "https://europe-west1-npm.pkg.dev/lovable-core-prod/sandbox-npm-cache/is-binary-path/-/is-binary-path-2.1.0.tgz", { "dependencies": { "binary-extensions": "^2.0.0" } }, ""],

    "is-extglob": ["is-extglob@2.1.1", "https://europe-west1-npm.pkg.dev/lovable-core-prod/sandbox-npm-cache/is-extglob/-/is-extglob-2.1.1.tgz", {}, ""],

    "is-glob": ["is-glob@4.0.3", "https://europe-west1-npm.pkg.dev/lovable-core-prod/sandbox-npm-cache/is-glob/-/is-glob-4.0.3.tgz", { "dependencies": { "is-extglob": "^2.1.1" } }, ""],

    "is-number": ["is-number@7.0.0", "https://europe-west1-npm.pkg.dev/lovable-core-prod/sandbox-npm-cache/is-number/-/is-number-7.0.0.tgz", {}, ""],

    "keyv": ["keyv@5.6.0", "https://europe-west1-npm.pkg.dev/lovable-core-prod/sandbox-npm-cache/keyv/-/keyv-5.6.0.tgz", { "dependencies": { "@keyv/serialize": "^1.1.1" } }, ""],

    "libsignal": ["libsignal@git+ssh://git@github.com/whiskeysockets/libsignal-node.git#bcea72df9ec34d9d9140ab30619cf479c7c144c7", { "dependencies": { "curve25519-js": "^0.0.4", "protobufjs": "^7.5.5" } }, "bcea72df9ec34d9d9140ab30619cf479c7c144c7"],

    "long": ["long@5.3.2", "https://europe-west1-npm.pkg.dev/lovable-core-prod/sandbox-npm-cache/long/-/long-5.3.2.tgz", {}, ""],

    "lru-cache": ["lru-cache@11.5.2", "https://europe-west1-npm.pkg.dev/lovable-core-prod/sandbox-npm-cache/lru-cache/-/lru-cache-11.5.2.tgz", {}, ""],

    "math-intrinsics": ["math-intrinsics@1.1.0", "https://europe-west4-npm.pkg.dev/lovable-core-prod/sandbox-npm-cache/math-intrinsics/-/math-intrinsics-1.1.0.tgz", {}, "sha512-/IXtbwEk5HTPyEwyKX6hGkYXxM9nbj64B+ilVJnC/R6B0pH5G4V3b0pVbL7DBj4tkhBAppbQUlf6F6Xl9LHu1g=="],

    "media-typer": ["media-typer@2.0.0", "https://europe-west1-npm.pkg.dev/lovable-core-prod/sandbox-npm-cache/media-typer/-/media-typer-2.0.0.tgz", {}, ""],

    "mime-db": ["mime-db@1.52.0", "https://europe-west4-npm.pkg.dev/lovable-core-prod/sandbox-npm-cache/mime-db/-/mime-db-1.52.0.tgz", {}, "sha512-sPU4uV7dYlvtWJxwwxHD0PuihVNiE7TyAbQ5SWxDCB9mUYvOgroQOwYQQOKPJ8CIbE+1ETVlOoK1UC2nU3gYvg=="],

    "mime-types": ["mime-types@2.1.35", "https://europe-west4-npm.pkg.dev/lovable-core-prod/sandbox-npm-cache/mime-types/-/mime-types-2.1.35.tgz", { "dependencies": { "mime-db": "1.52.0" } }, "sha512-ZDY+bPm5zTTF+YpCrAU9nK0UgICYPT0QtT1NZWFv4s++TNkcgVaT0g6+4R2uI4MjQjzysHB1zxuWL50hzaeXiw=="],

    "minimatch": ["minimatch@10.2.5", "https://europe-west1-npm.pkg.dev/lovable-core-prod/sandbox-npm-cache/minimatch/-/minimatch-10.2.5.tgz", { "dependencies": { "brace-expansion": "^5.0.5" } }, ""],

    "ms": ["ms@2.1.3", "https://europe-west1-npm.pkg.dev/lovable-core-prod/sandbox-npm-cache/ms/-/ms-2.1.3.tgz", {}, ""],

    "music-metadata": ["music-metadata@11.13.0", "https://europe-west1-npm.pkg.dev/lovable-core-prod/sandbox-npm-cache/music-metadata/-/music-metadata-11.13.0.tgz", { "dependencies": { "@borewit/text-codec": "^0.2.2", "@tokenizer/token": "^0.3.0", "content-type": "^2.0.0", "debug": "^4.4.3", "file-type": "^21.3.4", "media-typer": "^2.0.0", "strtok3": "^10.3.5", "token-types": "^6.1.2", "uint8array-extras": "^1.5.0", "win-guid": "^0.2.1" } }, ""],

    "nodemon": ["nodemon@3.1.14", "https://europe-west1-npm.pkg.dev/lovable-core-prod/sandbox-npm-cache/nodemon/-/nodemon-3.1.14.tgz", { "dependencies": { "chokidar": "^3.5.2", "debug": "^4", "ignore-by-default": "^1.0.1", "minimatch": "^10.2.1", "pstree.remy": "^1.1.8", "semver": "^7.5.3", "simple-update-notifier": "^2.0.0", "supports-color": "^5.5.0", "touch": "^3.1.0", "undefsafe": "^2.0.5" }, "bin": "bin/nodemon.js" }, ""],

    "normalize-path": ["normalize-path@3.0.0", "https://europe-west1-npm.pkg.dev/lovable-core-prod/sandbox-npm-cache/normalize-path/-/normalize-path-3.0.0.tgz", {}, ""],

    "on-exit-leak-free": ["on-exit-leak-free@2.1.2", "https://europe-west1-npm.pkg.dev/lovable-core-prod/sandbox-npm-cache/on-exit-leak-free/-/on-exit-leak-free-2.1.2.tgz", {}, ""],

    "p-queue": ["p-queue@9.3.1", "https://europe-west1-npm.pkg.dev/lovable-core-prod/sandbox-npm-cache/p-queue/-/p-queue-9.3.1.tgz", { "dependencies": { "eventemitter3": "^5.0.4", "p-timeout": "^7.0.0" } }, ""],

    "p-timeout": ["p-timeout@7.0.1", "https://europe-west1-npm.pkg.dev/lovable-core-prod/sandbox-npm-cache/p-timeout/-/p-timeout-7.0.1.tgz", {}, ""],

    "picomatch": ["picomatch@2.3.2", "https://europe-west1-npm.pkg.dev/lovable-core-prod/sandbox-npm-cache/picomatch/-/picomatch-2.3.2.tgz", {}, ""],

    "pino": ["pino@9.14.0", "https://europe-west1-npm.pkg.dev/lovable-core-prod/sandbox-npm-cache/pino/-/pino-9.14.0.tgz", { "dependencies": { "@pinojs/redact": "^0.4.0", "atomic-sleep": "^1.0.0", "on-exit-leak-free": "^2.1.0", "pino-abstract-transport": "^2.0.0", "pino-std-serializers": "^7.0.0", "process-warning": "^5.0.0", "quick-format-unescaped": "^4.0.3", "real-require": "^0.2.0", "safe-stable-stringify": "^2.3.1", "sonic-boom": "^4.0.1", "thread-stream": "^3.0.0" }, "bin": "bin.js" }, ""],

    "pino-abstract-transport": ["pino-abstract-transport@2.0.0", "https://europe-west1-npm.pkg.dev/lovable-core-prod/sandbox-npm-cache/pino-abstract-transport/-/pino-abstract-transport-2.0.0.tgz", { "dependencies": { "split2": "^4.0.0" } }, ""],

    "pino-std-serializers": ["pino-std-serializers@7.1.0", "https://europe-west1-npm.pkg.dev/lovable-core-prod/sandbox-npm-cache/pino-std-serializers/-/pino-std-serializers-7.1.0.tgz", {}, ""],

    "process-warning": ["process-warning@5.0.0", "https://europe-west1-npm.pkg.dev/lovable-core-prod/sandbox-npm-cache/process-warning/-/process-warning-5.0.0.tgz", {}, ""],

    "protobufjs": ["protobufjs@7.6.5", "https://europe-west1-npm.pkg.dev/lovable-core-prod/sandbox-npm-cache/protobufjs/-/protobufjs-7.6.5.tgz", { "dependencies": { "@protobufjs/aspromise": "^1.1.2", "@protobufjs/base64": "^1.1.2", "@protobufjs/codegen": "^2.0.5", "@protobufjs/eventemitter": "^1.1.1", "@protobufjs/fetch": "^1.1.1", "@protobufjs/float": "^1.0.2", "@protobufjs/path": "^1.1.2", "@protobufjs/pool": "^1.1.0", "@protobufjs/utf8": "^1.1.1", "@types/node": ">=13.7.0", "long": "^5.3.2" } }, ""],

    "proxy-from-env": ["proxy-from-env@2.1.0", "https://europe-west4-npm.pkg.dev/lovable-core-prod/sandbox-npm-cache/proxy-from-env/-/proxy-from-env-2.1.0.tgz", {}, "sha512-cJ+oHTW1VAEa8cJslgmUZrc+sjRKgAKl3Zyse6+PV38hZe/V6Z14TbCuXcan9F9ghlz4QrFr2c92TNF82UkYHA=="],

    "pstree.remy": ["pstree.remy@1.1.8", "https://europe-west1-npm.pkg.dev/lovable-core-prod/sandbox-npm-cache/pstree.remy/-/pstree.remy-1.1.8.tgz", {}, ""],

    "qified": ["qified@0.10.1", "https://europe-west1-npm.pkg.dev/lovable-core-prod/sandbox-npm-cache/qified/-/qified-0.10.1.tgz", { "dependencies": { "hookified": "^2.1.1" } }, ""],

    "qrcode-terminal": ["qrcode-terminal@0.12.0", "https://europe-west1-npm.pkg.dev/lovable-core-prod/sandbox-npm-cache/qrcode-terminal/-/qrcode-terminal-0.12.0.tgz", { "bin": "bin/qrcode-terminal.js" }, ""],

    "quick-format-unescaped": ["quick-format-unescaped@4.0.4", "https://europe-west1-npm.pkg.dev/lovable-core-prod/sandbox-npm-cache/quick-format-unescaped/-/quick-format-unescaped-4.0.4.tgz", {}, ""],

    "readdirp": ["readdirp@3.6.0", "https://europe-west1-npm.pkg.dev/lovable-core-prod/sandbox-npm-cache/readdirp/-/readdirp-3.6.0.tgz", { "dependencies": { "picomatch": "^2.2.1" } }, ""],

    "real-require": ["real-require@0.2.0", "https://europe-west1-npm.pkg.dev/lovable-core-prod/sandbox-npm-cache/real-require/-/real-require-0.2.0.tgz", {}, ""],

    "safe-stable-stringify": ["safe-stable-stringify@2.5.0", "https://europe-west1-npm.pkg.dev/lovable-core-prod/sandbox-npm-cache/safe-stable-stringify/-/safe-stable-stringify-2.5.0.tgz", {}, ""],

    "semver": ["semver@7.8.5", "https://europe-west1-npm.pkg.dev/lovable-core-prod/sandbox-npm-cache/semver/-/semver-7.8.5.tgz", { "bin": "bin/semver.js" }, ""],

    "sharp": ["sharp@0.35.3", "https://europe-west1-npm.pkg.dev/lovable-core-prod/sandbox-npm-cache/sharp/-/sharp-0.35.3.tgz", { "dependencies": { "@img/colour": "^1.1.0", "detect-libc": "^2.1.2", "semver": "^7.8.5" }, "optionalDependencies": { "@img/sharp-libvips-linux-x64": "1.3.2", "@img/sharp-libvips-linuxmusl-x64": "1.3.2", "@img/sharp-linux-x64": "0.35.3", "@img/sharp-linuxmusl-x64": "0.35.3" } }, ""],

    "simple-update-notifier": ["simple-update-notifier@2.0.0", "https://europe-west1-npm.pkg.dev/lovable-core-prod/sandbox-npm-cache/simple-update-notifier/-/simple-update-notifier-2.0.0.tgz", { "dependencies": { "semver": "^7.5.3" } }, ""],

    "sonic-boom": ["sonic-boom@4.2.1", "https://europe-west1-npm.pkg.dev/lovable-core-prod/sandbox-npm-cache/sonic-boom/-/sonic-boom-4.2.1.tgz", { "dependencies": { "atomic-sleep": "^1.0.0" } }, ""],

    "split2": ["split2@4.2.0", "https://europe-west1-npm.pkg.dev/lovable-core-prod/sandbox-npm-cache/split2/-/split2-4.2.0.tgz", {}, ""],

    "strtok3": ["strtok3@10.3.5", "https://europe-west1-npm.pkg.dev/lovable-core-prod/sandbox-npm-cache/strtok3/-/strtok3-10.3.5.tgz", { "dependencies": { "@tokenizer/token": "^0.3.0" } }, ""],

    "supports-color": ["supports-color@5.5.0", "https://europe-west1-npm.pkg.dev/lovable-core-prod/sandbox-npm-cache/supports-color/-/supports-color-5.5.0.tgz", { "dependencies": { "has-flag": "^3.0.0" } }, ""],

    "thread-stream": ["thread-stream@3.2.0", "https://europe-west1-npm.pkg.dev/lovable-core-prod/sandbox-npm-cache/thread-stream/-/thread-stream-3.2.0.tgz", { "dependencies": { "real-require": "^0.2.0" } }, ""],

    "to-regex-range": ["to-regex-range@5.0.1", "https://europe-west1-npm.pkg.dev/lovable-core-prod/sandbox-npm-cache/to-regex-range/-/to-regex-range-5.0.1.tgz", { "dependencies": { "is-number": "^7.0.0" } }, ""],

    "token-types": ["token-types@6.1.2", "https://europe-west1-npm.pkg.dev/lovable-core-prod/sandbox-npm-cache/token-types/-/token-types-6.1.2.tgz", { "dependencies": { "@borewit/text-codec": "^0.2.1", "@tokenizer/token": "^0.3.0", "ieee754": "^1.2.1" } }, ""],

    "touch": ["touch@3.1.1", "https://europe-west1-npm.pkg.dev/lovable-core-prod/sandbox-npm-cache/touch/-/touch-3.1.1.tgz", { "bin": { "nodetouch": "bin/nodetouch.js" } }, ""],

    "tslib": ["tslib@2.8.1", "https://europe-west1-npm.pkg.dev/lovable-core-prod/sandbox-npm-cache/tslib/-/tslib-2.8.1.tgz", {}, ""],

    "uint8array-extras": ["uint8array-extras@1.5.0", "https://europe-west1-npm.pkg.dev/lovable-core-prod/sandbox-npm-cache/uint8array-extras/-/uint8array-extras-1.5.0.tgz", {}, ""],

    "undefsafe": ["undefsafe@2.0.5", "https://europe-west1-npm.pkg.dev/lovable-core-prod/sandbox-npm-cache/undefsafe/-/undefsafe-2.0.5.tgz", {}, ""],

    "undici-types": ["undici-types@8.3.0", "https://europe-west1-npm.pkg.dev/lovable-core-prod/sandbox-npm-cache/undici-types/-/undici-types-8.3.0.tgz", {}, ""],

    "win-guid": ["win-guid@0.2.1", "https://europe-west1-npm.pkg.dev/lovable-core-prod/sandbox-npm-cache/win-guid/-/win-guid-0.2.1.tgz", {}, ""],

    "ws": ["ws@8.21.0", "https://europe-west1-npm.pkg.dev/lovable-core-prod/sandbox-npm-cache/ws/-/ws-8.21.0.tgz", { "peerDependencies": { "bufferutil": "^4.0.1", "utf-8-validate": ">=5.0.2" }, "optionalPeers": ["bufferutil", "utf-8-validate"] }, ""],

    "qified/hookified": ["hookified@2.2.0", "https://europe-west1-npm.pkg.dev/lovable-core-prod/sandbox-npm-cache/hookified/-/hookified-2.2.0.tgz", {}, ""],
  }
}
